
Microsoft Visual Studio Solution File, Format Version 12.00
# Visual Studio Version 17
VisualStudioVersion = 17.8.34511.84
MinimumVisualStudioVersion = 10.0.40219.1
Project("{FAE04EC0-301F-11D3-BF4B-00C04F79EFBC}") = "CheckSystem", "CheckSystem\CheckSystem.csproj", "{A9838924-3007-45B5-8BEC-961D7AF9A071}"
EndProject
Project("{FAE04EC0-301F-11D3-BF4B-00C04F79EFBC}") = "CommonUtility", "CommonUtility\CommonUtility.csproj", "{A6CE27A1-310B-4008-9C6F-DEEDD8CAD5D3}"
EndProject
Project("{FAE04EC0-301F-11D3-BF4B-00C04F79EFBC}") = "Controller", "Controller\Controller.csproj", "{B325E541-1F4D-457E-9B45-4DA3BF74482A}"
EndProject
Project("{FAE04EC0-301F-11D3-BF4B-00C04F79EFBC}") = "StateMachine", "StatusMachine\StateMachine.csproj", "{C217EE4A-C9C0-48CE-A42B-8C54152784D6}"
EndProject
Project("{FAE04EC0-301F-11D3-BF4B-00C04F79EFBC}") = "UserControls", "UserControls\UserControls.csproj", "{6FC0B246-1F05-4C63-9D50-DC4470C47DE0}"
EndProject
Project("{FAE04EC0-301F-11D3-BF4B-00C04F79EFBC}") = "BLL", "BLL\BLL.csproj", "{38D7AA58-C95B-449B-86C6-A8073A56E11F}"
EndProject
Project("{FAE04EC0-301F-11D3-BF4B-00C04F79EFBC}") = "DAL", "DAL\DAL.csproj", "{9FE00521-3A8B-42B1-814E-585E99407B2E}"
EndProject
Project("{FAE04EC0-301F-11D3-BF4B-00C04F79EFBC}") = "Model", "Model\Model.csproj", "{53995DBB-9836-4647-AD22-865884FDEB9E}"
EndProject
Project("{FAE04EC0-301F-11D3-BF4B-00C04F79EFBC}") = "DBUtility", "DBUtility\DBUtility.csproj", "{0988C62E-247F-471F-A183-DB509C7A3839}"
EndProject
Project("{FAE04EC0-301F-11D3-BF4B-00C04F79EFBC}") = "DeviceDesign", "DeviceDesign\DeviceDesign.csproj", "{E1609881-B28E-4A0C-921C-1E3A79FF54EF}"
EndProject
Project("{FAE04EC0-301F-11D3-BF4B-00C04F79EFBC}") = "HZH_Controls", "HZH_Controls\HZH_Controls.csproj", "{AF32E163-C577-4CBC-A072-0DC1CE0E1DA3}"
EndProject
Global
	GlobalSection(SolutionConfigurationPlatforms) = preSolution
		Debug|Any CPU = Debug|Any CPU
		Debug|x64 = Debug|x64
		Debug|x86 = Debug|x86
		Release|Any CPU = Release|Any CPU
		Release|x64 = Release|x64
		Release|x86 = Release|x86
	EndGlobalSection
	GlobalSection(ProjectConfigurationPlatforms) = postSolution
		{A9838924-3007-45B5-8BEC-961D7AF9A071}.Debug|Any CPU.ActiveCfg = Debug|Any CPU
		{A9838924-3007-45B5-8BEC-961D7AF9A071}.Debug|Any CPU.Build.0 = Debug|Any CPU
		{A9838924-3007-45B5-8BEC-961D7AF9A071}.Debug|x64.ActiveCfg = Debug|x64
		{A9838924-3007-45B5-8BEC-961D7AF9A071}.Debug|x64.Build.0 = Debug|x64
		{A9838924-3007-45B5-8BEC-961D7AF9A071}.Debug|x86.ActiveCfg = Debug|x86
		{A9838924-3007-45B5-8BEC-961D7AF9A071}.Debug|x86.Build.0 = Debug|x86
		{A9838924-3007-45B5-8BEC-961D7AF9A071}.Release|Any CPU.ActiveCfg = Release|Any CPU
		{A9838924-3007-45B5-8BEC-961D7AF9A071}.Release|Any CPU.Build.0 = Release|Any CPU
		{A9838924-3007-45B5-8BEC-961D7AF9A071}.Release|x64.ActiveCfg = Release|x64
		{A9838924-3007-45B5-8BEC-961D7AF9A071}.Release|x64.Build.0 = Release|x64
		{A9838924-3007-45B5-8BEC-961D7AF9A071}.Release|x86.ActiveCfg = Release|x86
		{A9838924-3007-45B5-8BEC-961D7AF9A071}.Release|x86.Build.0 = Release|x86
		{A6CE27A1-310B-4008-9C6F-DEEDD8CAD5D3}.Debug|Any CPU.ActiveCfg = Debug|Any CPU
		{A6CE27A1-310B-4008-9C6F-DEEDD8CAD5D3}.Debug|Any CPU.Build.0 = Debug|Any CPU
		{A6CE27A1-310B-4008-9C6F-DEEDD8CAD5D3}.Debug|x64.ActiveCfg = Debug|x64
		{A6CE27A1-310B-4008-9C6F-DEEDD8CAD5D3}.Debug|x64.Build.0 = Debug|x64
		{A6CE27A1-310B-4008-9C6F-DEEDD8CAD5D3}.Debug|x86.ActiveCfg = Debug|x86
		{A6CE27A1-310B-4008-9C6F-DEEDD8CAD5D3}.Debug|x86.Build.0 = Debug|x86
		{A6CE27A1-310B-4008-9C6F-DEEDD8CAD5D3}.Release|Any CPU.ActiveCfg = Release|Any CPU
		{A6CE27A1-310B-4008-9C6F-DEEDD8CAD5D3}.Release|Any CPU.Build.0 = Release|Any CPU
		{A6CE27A1-310B-4008-9C6F-DEEDD8CAD5D3}.Release|x64.ActiveCfg = Release|x64
		{A6CE27A1-310B-4008-9C6F-DEEDD8CAD5D3}.Release|x64.Build.0 = Release|x64
		{A6CE27A1-310B-4008-9C6F-DEEDD8CAD5D3}.Release|x86.ActiveCfg = Release|x86
		{A6CE27A1-310B-4008-9C6F-DEEDD8CAD5D3}.Release|x86.Build.0 = Release|x86
		{B325E541-1F4D-457E-9B45-4DA3BF74482A}.Debug|Any CPU.ActiveCfg = Debug|Any CPU
		{B325E541-1F4D-457E-9B45-4DA3BF74482A}.Debug|Any CPU.Build.0 = Debug|Any CPU
		{B325E541-1F4D-457E-9B45-4DA3BF74482A}.Debug|x64.ActiveCfg = Debug|x64
		{B325E541-1F4D-457E-9B45-4DA3BF74482A}.Debug|x64.Build.0 = Debug|x64
		{B325E541-1F4D-457E-9B45-4DA3BF74482A}.Debug|x86.ActiveCfg = Debug|x86
		{B325E541-1F4D-457E-9B45-4DA3BF74482A}.Debug|x86.Build.0 = Debug|x86
		{B325E541-1F4D-457E-9B45-4DA3BF74482A}.Release|Any CPU.ActiveCfg = Release|Any CPU
		{B325E541-1F4D-457E-9B45-4DA3BF74482A}.Release|Any CPU.Build.0 = Release|Any CPU
		{B325E541-1F4D-457E-9B45-4DA3BF74482A}.Release|x64.ActiveCfg = Release|x64
		{B325E541-1F4D-457E-9B45-4DA3BF74482A}.Release|x64.Build.0 = Release|x64
		{B325E541-1F4D-457E-9B45-4DA3BF74482A}.Release|x86.ActiveCfg = Release|x86
		{B325E541-1F4D-457E-9B45-4DA3BF74482A}.Release|x86.Build.0 = Release|x86
		{C217EE4A-C9C0-48CE-A42B-8C54152784D6}.Debug|Any CPU.ActiveCfg = Debug|Any CPU
		{C217EE4A-C9C0-48CE-A42B-8C54152784D6}.Debug|Any CPU.Build.0 = Debug|Any CPU
		{C217EE4A-C9C0-48CE-A42B-8C54152784D6}.Debug|x64.ActiveCfg = Debug|x64
		{C217EE4A-C9C0-48CE-A42B-8C54152784D6}.Debug|x64.Build.0 = Debug|x64
		{C217EE4A-C9C0-48CE-A42B-8C54152784D6}.Debug|x86.ActiveCfg = Debug|x86
		{C217EE4A-C9C0-48CE-A42B-8C54152784D6}.Debug|x86.Build.0 = Debug|x86
		{C217EE4A-C9C0-48CE-A42B-8C54152784D6}.Release|Any CPU.ActiveCfg = Release|Any CPU
		{C217EE4A-C9C0-48CE-A42B-8C54152784D6}.Release|Any CPU.Build.0 = Release|Any CPU
		{C217EE4A-C9C0-48CE-A42B-8C54152784D6}.Release|x64.ActiveCfg = Release|x64
		{C217EE4A-C9C0-48CE-A42B-8C54152784D6}.Release|x64.Build.0 = Release|x64
		{C217EE4A-C9C0-48CE-A42B-8C54152784D6}.Release|x86.ActiveCfg = Release|x86
		{C217EE4A-C9C0-48CE-A42B-8C54152784D6}.Release|x86.Build.0 = Release|x86
		{6FC0B246-1F05-4C63-9D50-DC4470C47DE0}.Debug|Any CPU.ActiveCfg = Debug|Any CPU
		{6FC0B246-1F05-4C63-9D50-DC4470C47DE0}.Debug|Any CPU.Build.0 = Debug|Any CPU
		{6FC0B246-1F05-4C63-9D50-DC4470C47DE0}.Debug|x64.ActiveCfg = Debug|x64
		{6FC0B246-1F05-4C63-9D50-DC4470C47DE0}.Debug|x64.Build.0 = Debug|x64
		{6FC0B246-1F05-4C63-9D50-DC4470C47DE0}.Debug|x86.ActiveCfg = Debug|x86
		{6FC0B246-1F05-4C63-9D50-DC4470C47DE0}.Debug|x86.Build.0 = Debug|x86
		{6FC0B246-1F05-4C63-9D50-DC4470C47DE0}.Release|Any CPU.ActiveCfg = Release|Any CPU
		{6FC0B246-1F05-4C63-9D50-DC4470C47DE0}.Release|Any CPU.Build.0 = Release|Any CPU
		{6FC0B246-1F05-4C63-9D50-DC4470C47DE0}.Release|x64.ActiveCfg = Release|x64
		{6FC0B246-1F05-4C63-9D50-DC4470C47DE0}.Release|x64.Build.0 = Release|x64
		{6FC0B246-1F05-4C63-9D50-DC4470C47DE0}.Release|x86.ActiveCfg = Release|x86
		{6FC0B246-1F05-4C63-9D50-DC4470C47DE0}.Release|x86.Build.0 = Release|x86
		{38D7AA58-C95B-449B-86C6-A8073A56E11F}.Debug|Any CPU.ActiveCfg = Debug|Any CPU
		{38D7AA58-C95B-449B-86C6-A8073A56E11F}.Debug|Any CPU.Build.0 = Debug|Any CPU
		{38D7AA58-C95B-449B-86C6-A8073A56E11F}.Debug|x64.ActiveCfg = Debug|x64
		{38D7AA58-C95B-449B-86C6-A8073A56E11F}.Debug|x64.Build.0 = Debug|x64
		{38D7AA58-C95B-449B-86C6-A8073A56E11F}.Debug|x86.ActiveCfg = Debug|x86
		{38D7AA58-C95B-449B-86C6-A8073A56E11F}.Debug|x86.Build.0 = Debug|x86
		{38D7AA58-C95B-449B-86C6-A8073A56E11F}.Release|Any CPU.ActiveCfg = Release|Any CPU
		{38D7AA58-C95B-449B-86C6-A8073A56E11F}.Release|Any CPU.Build.0 = Release|Any CPU
		{38D7AA58-C95B-449B-86C6-A8073A56E11F}.Release|x64.ActiveCfg = Release|x64
		{38D7AA58-C95B-449B-86C6-A8073A56E11F}.Release|x64.Build.0 = Release|x64
		{38D7AA58-C95B-449B-86C6-A8073A56E11F}.Release|x86.ActiveCfg = Release|x86
		{38D7AA58-C95B-449B-86C6-A8073A56E11F}.Release|x86.Build.0 = Release|x86
		{9FE00521-3A8B-42B1-814E-585E99407B2E}.Debug|Any CPU.ActiveCfg = Debug|Any CPU
		{9FE00521-3A8B-42B1-814E-585E99407B2E}.Debug|Any CPU.Build.0 = Debug|Any CPU
		{9FE00521-3A8B-42B1-814E-585E99407B2E}.Debug|x64.ActiveCfg = Debug|x64
		{9FE00521-3A8B-42B1-814E-585E99407B2E}.Debug|x64.Build.0 = Debug|x64
		{9FE00521-3A8B-42B1-814E-585E99407B2E}.Debug|x86.ActiveCfg = Debug|x86
		{9FE00521-3A8B-42B1-814E-585E99407B2E}.Debug|x86.Build.0 = Debug|x86
		{9FE00521-3A8B-42B1-814E-585E99407B2E}.Release|Any CPU.ActiveCfg = Release|Any CPU
		{9FE00521-3A8B-42B1-814E-585E99407B2E}.Release|Any CPU.Build.0 = Release|Any CPU
		{9FE00521-3A8B-42B1-814E-585E99407B2E}.Release|x64.ActiveCfg = Release|x64
		{9FE00521-3A8B-42B1-814E-585E99407B2E}.Release|x64.Build.0 = Release|x64
		{9FE00521-3A8B-42B1-814E-585E99407B2E}.Release|x86.ActiveCfg = Release|x86
		{9FE00521-3A8B-42B1-814E-585E99407B2E}.Release|x86.Build.0 = Release|x86
		{53995DBB-9836-4647-AD22-865884FDEB9E}.Debug|Any CPU.ActiveCfg = Debug|Any CPU
		{53995DBB-9836-4647-AD22-865884FDEB9E}.Debug|Any CPU.Build.0 = Debug|Any CPU
		{53995DBB-9836-4647-AD22-865884FDEB9E}.Debug|x64.ActiveCfg = Debug|x64
		{53995DBB-9836-4647-AD22-865884FDEB9E}.Debug|x64.Build.0 = Debug|x64
		{53995DBB-9836-4647-AD22-865884FDEB9E}.Debug|x86.ActiveCfg = Debug|x86
		{53995DBB-9836-4647-AD22-865884FDEB9E}.Debug|x86.Build.0 = Debug|x86
		{53995DBB-9836-4647-AD22-865884FDEB9E}.Release|Any CPU.ActiveCfg = Release|Any CPU
		{53995DBB-9836-4647-AD22-865884FDEB9E}.Release|Any CPU.Build.0 = Release|Any CPU
		{53995DBB-9836-4647-AD22-865884FDEB9E}.Release|x64.ActiveCfg = Release|x64
		{53995DBB-9836-4647-AD22-865884FDEB9E}.Release|x64.Build.0 = Release|x64
		{53995DBB-9836-4647-AD22-865884FDEB9E}.Release|x86.ActiveCfg = Release|x86
		{53995DBB-9836-4647-AD22-865884FDEB9E}.Release|x86.Build.0 = Release|x86
		{0988C62E-247F-471F-A183-DB509C7A3839}.Debug|Any CPU.ActiveCfg = Debug|Any CPU
		{0988C62E-247F-471F-A183-DB509C7A3839}.Debug|Any CPU.Build.0 = Debug|Any CPU
		{0988C62E-247F-471F-A183-DB509C7A3839}.Debug|x64.ActiveCfg = Debug|x64
		{0988C62E-247F-471F-A183-DB509C7A3839}.Debug|x64.Build.0 = Debug|x64
		{0988C62E-247F-471F-A183-DB509C7A3839}.Debug|x86.ActiveCfg = Debug|x86
		{0988C62E-247F-471F-A183-DB509C7A3839}.Debug|x86.Build.0 = Debug|x86
		{0988C62E-247F-471F-A183-DB509C7A3839}.Release|Any CPU.ActiveCfg = Release|Any CPU
		{0988C62E-247F-471F-A183-DB509C7A3839}.Release|Any CPU.Build.0 = Release|Any CPU
		{0988C62E-247F-471F-A183-DB509C7A3839}.Release|x64.ActiveCfg = Release|x64
		{0988C62E-247F-471F-A183-DB509C7A3839}.Release|x64.Build.0 = Release|x64
		{0988C62E-247F-471F-A183-DB509C7A3839}.Release|x86.ActiveCfg = Release|x86
		{0988C62E-247F-471F-A183-DB509C7A3839}.Release|x86.Build.0 = Release|x86
		{E1609881-B28E-4A0C-921C-1E3A79FF54EF}.Debug|Any CPU.ActiveCfg = Debug|Any CPU
		{E1609881-B28E-4A0C-921C-1E3A79FF54EF}.Debug|Any CPU.Build.0 = Debug|Any CPU
		{E1609881-B28E-4A0C-921C-1E3A79FF54EF}.Debug|x64.ActiveCfg = Debug|x64
		{E1609881-B28E-4A0C-921C-1E3A79FF54EF}.Debug|x64.Build.0 = Debug|x64
		{E1609881-B28E-4A0C-921C-1E3A79FF54EF}.Debug|x86.ActiveCfg = Debug|x86
		{E1609881-B28E-4A0C-921C-1E3A79FF54EF}.Debug|x86.Build.0 = Debug|x86
		{E1609881-B28E-4A0C-921C-1E3A79FF54EF}.Release|Any CPU.ActiveCfg = Release|Any CPU
		{E1609881-B28E-4A0C-921C-1E3A79FF54EF}.Release|Any CPU.Build.0 = Release|Any CPU
		{E1609881-B28E-4A0C-921C-1E3A79FF54EF}.Release|x64.ActiveCfg = Release|x64
		{E1609881-B28E-4A0C-921C-1E3A79FF54EF}.Release|x64.Build.0 = Release|x64
		{E1609881-B28E-4A0C-921C-1E3A79FF54EF}.Release|x86.ActiveCfg = Release|x86
		{E1609881-B28E-4A0C-921C-1E3A79FF54EF}.Release|x86.Build.0 = Release|x86
		{AF32E163-C577-4CBC-A072-0DC1CE0E1DA3}.Debug|Any CPU.ActiveCfg = Debug|Any CPU
		{AF32E163-C577-4CBC-A072-0DC1CE0E1DA3}.Debug|Any CPU.Build.0 = Debug|Any CPU
		{AF32E163-C577-4CBC-A072-0DC1CE0E1DA3}.Debug|x64.ActiveCfg = Debug|x64
		{AF32E163-C577-4CBC-A072-0DC1CE0E1DA3}.Debug|x64.Build.0 = Debug|x64
		{AF32E163-C577-4CBC-A072-0DC1CE0E1DA3}.Debug|x86.ActiveCfg = Debug|x86
		{AF32E163-C577-4CBC-A072-0DC1CE0E1DA3}.Debug|x86.Build.0 = Debug|x86
		{AF32E163-C577-4CBC-A072-0DC1CE0E1DA3}.Release|Any CPU.ActiveCfg = Release|Any CPU
		{AF32E163-C577-4CBC-A072-0DC1CE0E1DA3}.Release|Any CPU.Build.0 = Release|Any CPU
		{AF32E163-C577-4CBC-A072-0DC1CE0E1DA3}.Release|x64.ActiveCfg = Release|x64
		{AF32E163-C577-4CBC-A072-0DC1CE0E1DA3}.Release|x64.Build.0 = Release|x64
		{AF32E163-C577-4CBC-A072-0DC1CE0E1DA3}.Release|x86.ActiveCfg = Release|x86
		{AF32E163-C577-4CBC-A072-0DC1CE0E1DA3}.Release|x86.Build.0 = Release|x86
	EndGlobalSection
	GlobalSection(SolutionProperties) = preSolution
		HideSolutionNode = FALSE
	EndGlobalSection
	GlobalSection(ExtensibilityGlobals) = postSolution
		VisualSVNWorkingCopyRoot = .
		SolutionGuid = {EE308CC3-2850-428E-8A53-A49D80949D9B}
	EndGlobalSection
EndGlobal
